// !$*UTF8*$!
{
	archiveVersion = 1;
	classes = {
	};
	objectVersion = 56;
	objects = {

/* Begin PBXBuildFile section */
		B192F8A729709B1200ED0964 /* MyLibraryApp.swift in Sources */ = {isa = PBXBuildFile; fileRef = B192F8A629709B1200ED0964 /* MyLibraryApp.swift */; };
		B192F8A929709B1200ED0964 /* ContentView.swift in Sources */ = {isa = PBXBuildFile; fileRef = B192F8A829709B1200ED0964 /* ContentView.swift */; };
		B192F8AB29709B1400ED0964 /* Assets.xcassets in Resources */ = {isa = PBXBuildFile; fileRef = B192F8AA29709B1400ED0964 /* Assets.xcassets */; };
		B192F8AF29709B1400ED0964 /* Preview Assets.xcassets in Resources */ = {isa = PBXBuildFile; fileRef = B192F8AE29709B1400ED0964 /* Preview Assets.xcassets */; };
		B192F8BB29709B3300ED0964 /* Color in Resources */ = {isa = PBXBuildFile; fileRef = B192F8B729709B3300ED0964 /* Color */; };
		B192F8BC29709B3300ED0964 /* Bundle in Resources */ = {isa = PBXBuildFile; fileRef = B192F8B829709B3300ED0964 /* Bundle */; };
		B192F8BF29709D0800ED0964 /* Calendar-HelperMethods.swift in Sources */ = {isa = PBXBuildFile; fileRef = B192F8BE29709D0800ED0964 /* Calendar-HelperMethods.swift */; };
		B192F8C229709E2500ED0964 /* String-HelperMethods.swift in Sources */ = {isa = PBXBuildFile; fileRef = B192F8C129709E2500ED0964 /* String-HelperMethods.swift */; };
		B192F8C52970A2A800ED0964 /* MultiFactorSort.swift in Sources */ = {isa = PBXBuildFile; fileRef = B192F8C42970A2A800ED0964 /* MultiFactorSort.swift */; };
/* End PBXBuildFile section */

/* Begin PBXFileReference section */
		B192F8A329709B1200ED0964 /* MyLibrary.app */ = {isa = PBXFileReference; explicitFileType = wrapper.application; includeInIndex = 0; path = MyLibrary.app; sourceTree = BUILT_PRODUCTS_DIR; };
		B192F8A629709B1200ED0964 /* MyLibraryApp.swift */ = {isa = PBXFileReference; lastKnownFileType = sourcecode.swift; path = MyLibraryApp.swift; sourceTree = "<group>"; };
		B192F8A829709B1200ED0964 /* ContentView.swift */ = {isa = PBXFileReference; lastKnownFileType = sourcecode.swift; path = ContentView.swift; sourceTree = "<group>"; };
		B192F8AA29709B1400ED0964 /* Assets.xcassets */ = {isa = PBXFileReference; lastKnownFileType = folder.assetcatalog; path = Assets.xcassets; sourceTree = "<group>"; };
		B192F8AC29709B1400ED0964 /* MyLibrary.entitlements */ = {isa = PBXFileReference; lastKnownFileType = text.plist.entitlements; path = MyLibrary.entitlements; sourceTree = "<group>"; };
		B192F8AE29709B1400ED0964 /* Preview Assets.xcassets */ = {isa = PBXFileReference; lastKnownFileType = folder.assetcatalog; path = "Preview Assets.xcassets"; sourceTree = "<group>"; };
		B192F8B729709B3300ED0964 /* Color */ = {isa = PBXFileReference; lastKnownFileType = folder; path = Color; sourceTree = "<group>"; };
		B192F8B829709B3300ED0964 /* Bundle */ = {isa = PBXFileReference; lastKnownFileType = folder; path = Bundle; sourceTree = "<group>"; };
		B192F8BE29709D0800ED0964 /* Calendar-HelperMethods.swift */ = {isa = PBXFileReference; lastKnownFileType = sourcecode.swift; path = "Calendar-HelperMethods.swift"; sourceTree = "<group>"; };
		B192F8C129709E2500ED0964 /* String-HelperMethods.swift */ = {isa = PBXFileReference; lastKnownFileType = sourcecode.swift; path = "String-HelperMethods.swift"; sourceTree = "<group>"; };
		B192F8C42970A2A800ED0964 /* MultiFactorSort.swift */ = {isa = PBXFileReference; lastKnownFileType = sourcecode.swift; path = MultiFactorSort.swift; sourceTree = "<group>"; };
/* End PBXFileReference section */

/* Begin PBXFrameworksBuildPhase section */
		B192F8A029709B1200ED0964 /* Frameworks */ = {
			isa = PBXFrameworksBuildPhase;
			buildActionMask = 2147483647;
			files = (
			);
			runOnlyForDeploymentPostprocessing = 0;
		};
/* End PBXFrameworksBuildPhase section */

/* Begin PBXGroup section */
		B192F89A29709B1200ED0964 = {
			isa = PBXGroup;
			children = (
				B192F8A529709B1200ED0964 /* MyLibrary */,
				B192F8A429709B1200ED0964 /* Products */,
			);
			sourceTree = "<group>";
		};
		B192F8A429709B1200ED0964 /* Products */ = {
			isa = PBXGroup;
			children = (
				B192F8A329709B1200ED0964 /* MyLibrary.app */,
			);
			name = Products;
			sourceTree = "<group>";
		};
		B192F8A529709B1200ED0964 /* MyLibrary */ = {
			isa = PBXGroup;
			children = (
				B192F8A629709B1200ED0964 /* MyLibraryApp.swift */,
				B192F8A829709B1200ED0964 /* ContentView.swift */,
				B192F8C32970A28300ED0964 /* Helpers */,
				B192F8B829709B3300ED0964 /* Bundle */,
				B192F8BD29709CE100ED0964 /* Calendar */,
				B192F8B729709B3300ED0964 /* Color */,
				B192F8C029709E0D00ED0964 /* String */,
				B192F8AD29709B1400ED0964 /* Preview Content */,
				B192F8AA29709B1400ED0964 /* Assets.xcassets */,
				B192F8AC29709B1400ED0964 /* MyLibrary.entitlements */,
			);
			path = MyLibrary;
			sourceTree = "<group>";
		};
		B192F8AD29709B1400ED0964 /* Preview Content */ = {
			isa = PBXGroup;
			children = (
				B192F8AE29709B1400ED0964 /* Preview Assets.xcassets */,
			);
			path = "Preview Content";
			sourceTree = "<group>";
		};
		B192F8BD29709CE100ED0964 /* Calendar */ = {
			isa = PBXGroup;
			children = (
				B192F8BE29709D0800ED0964 /* Calendar-HelperMethods.swift */,
			);
			path = Calendar;
			sourceTree = "<group>";
		};
		B192F8C029709E0D00ED0964 /* String */ = {
			isa = PBXGroup;
			children = (
				B192F8C129709E2500ED0964 /* String-HelperMethods.swift */,
			);
			path = String;
			sourceTree = "<group>";
		};
		B192F8C32970A28300ED0964 /* Helpers */ = {
			isa = PBXGroup;
			children = (
				B192F8C42970A2A800ED0964 /* MultiFactorSort.swift */,
			);
			path = Helpers;
			sourceTree = "<group>";
		};
/* End PBXGroup section */

/* Begin PBXNativeTarget section */
		B192F8A229709B1200ED0964 /* MyLibrary */ = {
			isa = PBXNativeTarget;
			buildConfigurationList = B192F8B229709B1400ED0964 /* Build configuration list for PBXNativeTarget "MyLibrary" */;
			buildPhases = (
				B192F89F29709B1200ED0964 /* Sources */,
				B192F8A029709B1200ED0964 /* Frameworks */,
				B192F8A129709B1200ED0964 /* Resources */,
			);
			buildRules = (
			);
			dependencies = (
			);
			name = MyLibrary;
			productName = MyLibrary;
			productReference = B192F8A329709B1200ED0964 /* MyLibrary.app */;
			productType = "com.apple.product-type.application";
		};
/* End PBXNativeTarget section */

/* Begin PBXProject section */
		B192F89B29709B1200ED0964 /* Project object */ = {
			isa = PBXProject;
			attributes = {
				BuildIndependentTargetsInParallel = 1;
				LastSwiftUpdateCheck = 1420;
				LastUpgradeCheck = 1420;
				TargetAttributes = {
					B192F8A229709B1200ED0964 = {
						CreatedOnToolsVersion = 14.2;
					};
				};
			};
			buildConfigurationList = B192F89E29709B1200ED0964 /* Build configuration list for PBXProject "MyLibrary" */;
			compatibilityVersion = "Xcode 14.0";
			developmentRegion = en;
			hasScannedForEncodings = 0;
			knownRegions = (
				en,
				Base,
			);
			mainGroup = B192F89A29709B1200ED0964;
			productRefGroup = B192F8A429709B1200ED0964 /* Products */;
			projectDirPath = "";
			projectRoot = "";
			targets = (
				B192F8A229709B1200ED0964 /* MyLibrary */,
			);
		};
/* End PBXProject section */

/* Begin PBXResourcesBuildPhase section */
		B192F8A129709B1200ED0964 /* Resources */ = {
			isa = PBXResourcesBuildPhase;
			buildActionMask = 2147483647;
			files = (
				B192F8BC29709B3300ED0964 /* Bundle in Resources */,
				B192F8BB29709B3300ED0964 /* Color in Resources */,
				B192F8AF29709B1400ED0964 /* Preview Assets.xcassets in Resources */,
				B192F8AB29709B1400ED0964 /* Assets.xcassets in Resources */,
			);
			runOnlyForDeploymentPostprocessing = 0;
		};
/* End PBXResourcesBuildPhase section */

/* Begin PBXSourcesBuildPhase section */
		B192F89F29709B1200ED0964 /* Sources */ = {
			isa = PBXSourcesBuildPhase;
			buildActionMask = 2147483647;
			files = (
				B192F8BF29709D0800ED0964 /* Calendar-HelperMethods.swift in Sources */,
				B192F8C229709E2500ED0964 /* String-HelperMethods.swift in Sources */,
				B192F8A929709B1200ED0964 /* ContentView.swift in Sources */,
				B192F8C52970A2A800ED0964 /* MultiFactorSort.swift in Sources */,
				B192F8A729709B1200ED0964 /* MyLibraryApp.swift in Sources */,
			);
			runOnlyForDeploymentPostprocessing = 0;
		};
/* End PBXSourcesBuildPhase section */

/* Begin XCBuildConfiguration section */
		B192F8B029709B1400ED0964 /* Debug */ = {
			isa = XCBuildConfiguration;
			buildSettings = {
				ALWAYS_SEARCH_USER_PATHS = NO;
				CLANG_ANALYZER_NONNULL = YES;
				CLANG_ANALYZER_NUMBER_OBJECT_CONVERSION = YES_AGGRESSIVE;
				CLANG_CXX_LANGUAGE_STANDARD = "gnu++20";
				CLANG_ENABLE_MODULES = YES;
				CLANG_ENABLE_OBJC_ARC = YES;
				CLANG_ENABLE_OBJC_WEAK = YES;
				CLANG_WARN_BLOCK_CAPTURE_AUTORELEASING = YES;
				CLANG_WARN_BOOL_CONVERSION = YES;
				CLANG_WARN_COMMA = YES;
				CLANG_WARN_CONSTANT_CONVERSION = YES;
				CLANG_WARN_DEPRECATED_OBJC_IMPLEMENTATIONS = YES;
				CLANG_WARN_DIRECT_OBJC_ISA_USAGE = YES_ERROR;
				CLANG_WARN_DOCUMENTATION_COMMENTS = YES;
				CLANG_WARN_EMPTY_BODY = YES;
				CLANG_WARN_ENUM_CONVERSION = YES;
				CLANG_WARN_INFINITE_RECURSION = YES;
				CLANG_WARN_INT_CONVERSION = YES;
				CLANG_WARN_NON_LITERAL_NULL_CONVERSION = YES;
				CLANG_WARN_OBJC_IMPLICIT_RETAIN_SELF = YES;
				CLANG_WARN_OBJC_LITERAL_CONVERSION = YES;
				CLANG_WARN_OBJC_ROOT_CLASS = YES_ERROR;
				CLANG_WARN_QUOTED_INCLUDE_IN_FRAMEWORK_HEADER = YES;
				CLANG_WARN_RANGE_LOOP_ANALYSIS = YES;
				CLANG_WARN_STRICT_PROTOTYPES = YES;
				CLANG_WARN_SUSPICIOUS_MOVE = YES;
				CLANG_WARN_UNGUARDED_AVAILABILITY = YES_AGGRESSIVE;
				CLANG_WARN_UNREACHABLE_CODE = YES;
				CLANG_WARN__DUPLICATE_METHOD_MATCH = YES;
				COPY_PHASE_STRIP = NO;
				DEBUG_INFORMATION_FORMAT = dwarf;
				ENABLE_STRICT_OBJC_MSGSEND = YES;
				ENABLE_TESTABILITY = YES;
				GCC_C_LANGUAGE_STANDARD = gnu11;
				GCC_DYNAMIC_NO_PIC = NO;
				GCC_NO_COMMON_BLOCKS = YES;
				GCC_OPTIMIZATION_LEVEL = 0;
				GCC_PREPROCESSOR_DEFINITIONS = (
					"DEBUG=1",
					"$(inherited)",
				);
				GCC_WARN_64_TO_32_BIT_CONVERSION = YES;
				GCC_WARN_ABOUT_RETURN_TYPE = YES_ERROR;
				GCC_WARN_UNDECLARED_SELECTOR = YES;
				GCC_WARN_UNINITIALIZED_AUTOS = YES_AGGRESSIVE;
				GCC_WARN_UNUSED_FUNCTION = YES;
				GCC_WARN_UNUSED_VARIABLE = YES;
				MTL_ENABLE_DEBUG_INFO = INCLUDE_SOURCE;
				MTL_FAST_MATH = YES;
				ONLY_ACTIVE_ARCH = YES;
				SWIFT_ACTIVE_COMPILATION_CONDITIONS = DEBUG;
				SWIFT_OPTIMIZATION_LEVEL = "-Onone";
			};
			name = Debug;
		};
		B192F8B129709B1400ED0964 /* Release */ = {
			isa = XCBuildConfiguration;
			buildSettings = {
				ALWAYS_SEARCH_USER_PATHS = NO;
				CLANG_ANALYZER_NONNULL = YES;
				CLANG_ANALYZER_NUMBER_OBJECT_CONVERSION = YES_AGGRESSIVE;
				CLANG_CXX_LANGUAGE_STANDARD = "gnu++20";
				CLANG_ENABLE_MODULES = YES;
				CLANG_ENABLE_OBJC_ARC = YES;
				CLANG_ENABLE_OBJC_WEAK = YES;
				CLANG_WARN_BLOCK_CAPTURE_AUTORELEASING = YES;
				CLANG_WARN_BOOL_CONVERSION = YES;
				CLANG_WARN_COMMA = YES;
				CLANG_WARN_CONSTANT_CONVERSION = YES;
				CLANG_WARN_DEPRECATED_OBJC_IMPLEMENTATIONS = YES;
				CLANG_WARN_DIRECT_OBJC_ISA_USAGE = YES_ERROR;
				CLANG_WARN_DOCUMENTATION_COMMENTS = YES;
				CLANG_WARN_EMPTY_BODY = YES;
				CLANG_WARN_ENUM_CONVERSION = YES;
				CLANG_WARN_INFINITE_RECURSION = YES;
				CLANG_WARN_INT_CONVERSION = YES;
				CLANG_WARN_NON_LITERAL_NULL_CONVERSION = YES;
				CLANG_WARN_OBJC_IMPLICIT_RETAIN_SELF = YES;
				CLANG_WARN_OBJC_LITERAL_CONVERSION = YES;
				CLANG_WARN_OBJC_ROOT_CLASS = YES_ERROR;
				CLANG_WARN_QUOTED_INCLUDE_IN_FRAMEWORK_HEADER = YES;
				CLANG_WARN_RANGE_LOOP_ANALYSIS = YES;
				CLANG_WARN_STRICT_PROTOTYPES = YES;
				CLANG_WARN_SUSPICIOUS_MOVE = YES;
				CLANG_WARN_UNGUARDED_AVAILABILITY = YES_AGGRESSIVE;
				CLANG_WARN_UNREACHABLE_CODE = YES;
				CLANG_WARN__DUPLICATE_METHOD_MATCH = YES;
				COPY_PHASE_STRIP = NO;
				DEBUG_INFORMATION_FORMAT = "dwarf-with-dsym";
				ENABLE_NS_ASSERTIONS = NO;
				ENABLE_STRICT_OBJC_MSGSEND = YES;
				GCC_C_LANGUAGE_STANDARD = gnu11;
				GCC_NO_COMMON_BLOCKS = YES;
				GCC_WARN_64_TO_32_BIT_CONVERSION = YES;
				GCC_WARN_ABOUT_RETURN_TYPE = YES_ERROR;
				GCC_WARN_UNDECLARED_SELECTOR = YES;
				GCC_WARN_UNINITIALIZED_AUTOS = YES_AGGRESSIVE;
				GCC_WARN_UNUSED_FUNCTION = YES;
				GCC_WARN_UNUSED_VARIABLE = YES;
				MTL_ENABLE_DEBUG_INFO = NO;
				MTL_FAST_MATH = YES;
				SWIFT_COMPILATION_MODE = wholemodule;
				SWIFT_OPTIMIZATION_LEVEL = "-O";
			};
			name = Release;
		};
		B192F8B329709B1400ED0964 /* Debug */ = {
			isa = XCBuildConfiguration;
			buildSettings = {
				ASSETCATALOG_COMPILER_APPICON_NAME = AppIcon;
				ASSETCATALOG_COMPILER_GLOBAL_ACCENT_COLOR_NAME = AccentColor;
				CODE_SIGN_ENTITLEMENTS = MyLibrary/MyLibrary.entitlements;
				CODE_SIGN_STYLE = Automatic;
				CURRENT_PROJECT_VERSION = 1;
				DEVELOPMENT_ASSET_PATHS = "\"MyLibrary/Preview Content\"";
				DEVELOPMENT_TEAM = F4GASFV5X4;
				ENABLE_HARDENED_RUNTIME = YES;
				ENABLE_PREVIEWS = YES;
				GENERATE_INFOPLIST_FILE = YES;
				"INFOPLIST_KEY_UIApplicationSceneManifest_Generation[sdk=iphoneos*]" = YES;
				"INFOPLIST_KEY_UIApplicationSceneManifest_Generation[sdk=iphonesimulator*]" = YES;
				"INFOPLIST_KEY_UIApplicationSupportsIndirectInputEvents[sdk=iphoneos*]" = YES;
				"INFOPLIST_KEY_UIApplicationSupportsIndirectInputEvents[sdk=iphonesimulator*]" = YES;
				"INFOPLIST_KEY_UILaunchScreen_Generation[sdk=iphoneos*]" = YES;
				"INFOPLIST_KEY_UILaunchScreen_Generation[sdk=iphonesimulator*]" = YES;
				"INFOPLIST_KEY_UIStatusBarStyle[sdk=iphoneos*]" = UIStatusBarStyleDefault;
				"INFOPLIST_KEY_UIStatusBarStyle[sdk=iphonesimulator*]" = UIStatusBarStyleDefault;
				INFOPLIST_KEY_UISupportedInterfaceOrientations_iPad = "UIInterfaceOrientationPortrait UIInterfaceOrientationPortraitUpsideDown UIInterfaceOrientationLandscapeLeft UIInterfaceOrientationLandscapeRight";
				INFOPLIST_KEY_UISupportedInterfaceOrientations_iPhone = "UIInterfaceOrientationPortrait UIInterfaceOrientationLandscapeLeft UIInterfaceOrientationLandscapeRight";
				IPHONEOS_DEPLOYMENT_TARGET = 16.2;
				LD_RUNPATH_SEARCH_PATHS = "@executable_path/Frameworks";
				"LD_RUNPATH_SEARCH_PATHS[sdk=macosx*]" = "@executable_path/../Frameworks";
				MACOSX_DEPLOYMENT_TARGET = 13.1;
				MARKETING_VERSION = 1.0;
				PRODUCT_BUNDLE_IDENTIFIER = com.timothycbryant.MyLibrary;
				PRODUCT_NAME = "$(TARGET_NAME)";
				SDKROOT = auto;
				SUPPORTED_PLATFORMS = "iphoneos iphonesimulator macosx";
				SWIFT_EMIT_LOC_STRINGS = YES;
				SWIFT_VERSION = 5.0;
				TARGETED_DEVICE_FAMILY = "1,2";
			};
			name = Debug;
		};
		B192F8B429709B1400ED0964 /* Release */ = {
			isa = XCBuildConfiguration;
			buildSettings = {
				ASSETCATALOG_COMPILER_APPICON_NAME = AppIcon;
				ASSETCATALOG_COMPILER_GLOBAL_ACCENT_COLOR_NAME = AccentColor;
				CODE_SIGN_ENTITLEMENTS = MyLibrary/MyLibrary.entitlements;
				CODE_SIGN_STYLE = Automatic;
				CURRENT_PROJECT_VERSION = 1;
				DEVELOPMENT_ASSET_PATHS = "\"MyLibrary/Preview Content\"";
				DEVELOPMENT_TEAM = F4GASFV5X4;
				ENABLE_HARDENED_RUNTIME = YES;
				ENABLE_PREVIEWS = YES;
				GENERATE_INFOPLIST_FILE = YES;
				"INFOPLIST_KEY_UIApplicationSceneManifest_Generation[sdk=iphoneos*]" = YES;
				"INFOPLIST_KEY_UIApplicationSceneManifest_Generation[sdk=iphonesimulator*]" = YES;
				"INFOPLIST_KEY_UIApplicationSupportsIndirectInputEvents[sdk=iphoneos*]" = YES;
				"INFOPLIST_KEY_UIApplicationSupportsIndirectInputEvents[sdk=iphonesimulator*]" = YES;
				"INFOPLIST_KEY_UILaunchScreen_Generation[sdk=iphoneos*]" = YES;
				"INFOPLIST_KEY_UILaunchScreen_Generation[sdk=iphonesimulator*]" = YES;
				"INFOPLIST_KEY_UIStatusBarStyle[sdk=iphoneos*]" = UIStatusBarStyleDefault;
				"INFOPLIST_KEY_UIStatusBarStyle[sdk=iphonesimulator*]" = UIStatusBarStyleDefault;
				INFOPLIST_KEY_UISupportedInterfaceOrientations_iPad = "UIInterfaceOrientationPortrait UIInterfaceOrientationPortraitUpsideDown UIInterfaceOrientationLandscapeLeft UIInterfaceOrientationLandscapeRight";
				INFOPLIST_KEY_UISupportedInterfaceOrientations_iPhone = "UIInterfaceOrientationPortrait UIInterfaceOrientationLandscapeLeft UIInterfaceOrientationLandscapeRight";
				IPHONEOS_DEPLOYMENT_TARGET = 16.2;
				LD_RUNPATH_SEARCH_PATHS = "@executable_path/Frameworks";
				"LD_RUNPATH_SEARCH_PATHS[sdk=macosx*]" = "@executable_path/../Frameworks";
				MACOSX_DEPLOYMENT_TARGET = 13.1;
				MARKETING_VERSION = 1.0;
				PRODUCT_BUNDLE_IDENTIFIER = com.timothycbryant.MyLibrary;
				PRODUCT_NAME = "$(TARGET_NAME)";
				SDKROOT = auto;
				SUPPORTED_PLATFORMS = "iphoneos iphonesimulator macosx";
				SWIFT_EMIT_LOC_STRINGS = YES;
				SWIFT_VERSION = 5.0;
				TARGETED_DEVICE_FAMILY = "1,2";
			};
			name = Release;
		};
/* End XCBuildConfiguration section */

/* Begin XCConfigurationList section */
		B192F89E29709B1200ED0964 /* Build configuration list for PBXProject "MyLibrary" */ = {
			isa = XCConfigurationList;
			buildConfigurations = (
				B192F8B029709B1400ED0964 /* Debug */,
				B192F8B129709B1400ED0964 /* Release */,
			);
			defaultConfigurationIsVisible = 0;
			defaultConfigurationName = Release;
		};
		B192F8B229709B1400ED0964 /* Build configuration list for PBXNativeTarget "MyLibrary" */ = {
			isa = XCConfigurationList;
			buildConfigurations = (
				B192F8B329709B1400ED0964 /* Debug */,
				B192F8B429709B1400ED0964 /* Release */,
			);
			defaultConfigurationIsVisible = 0;
			defaultConfigurationName = Release;
		};
/* End XCConfigurationList section */
	};
	rootObject = B192F89B29709B1200ED0964 /* Project object */;
}
